
Microsoft Visual Studio Solution File, Format Version 12.00
# Visual Studio Version 17
VisualStudioVersion = 17.0.31903.59
MinimumVisualStudioVersion = 10.0.40219.1
Project("{2150E333-8FDC-42A3-9474-1A3956D46DE8}") = "src", "src", "{827E0CD3-B72D-47B6-A68D-7590B98EB39B}"
EndProject
Project("{FAE04EC0-301F-11D3-BF4B-00C04F79EFBC}") = "JIR.Domain", "src\JIR.Domain\JIR.Domain.csproj", "{0B48F3AD-41AC-4CE1-82FA-67DE0BB4D79D}"
EndProject
Project("{FAE04EC0-301F-11D3-BF4B-00C04F79EFBC}") = "JIR.Application", "src\JIR.Application\JIR.Application.csproj", "{984ED36D-670D-4F01-ABE5-8B4CC7998965}"
EndProject
Project("{FAE04EC0-301F-11D3-BF4B-00C04F79EFBC}") = "JIR.Infrastructure", "src\JIR.Infrastructure\JIR.Infrastructure.csproj", "{42A7C10D-E5FF-4539-AB91-CBED7937CCA5}"
EndProject
Project("{FAE04EC0-301F-11D3-BF4B-00C04F79EFBC}") = "JIR.WebAPI", "src\JIR.WebAPI\JIR.WebAPI.csproj", "{88BA1D12-C718-4E03-BCB3-CA1F4619B568}"
EndProject
Project("{FAE04EC0-301F-11D3-BF4B-00C04F79EFBC}") = "JIR.Tests", "tests\JIR.Tests\JIR.Tests.csproj", "{C735DADF-0922-4D72-82EB-C73BD790D05A}"
EndProject
Project("{FAE04EC0-301F-11D3-BF4B-00C04F79EFBC}") = "JIR.MauiApp", "src\JIR.MauiApp\JIR.MauiApp.csproj", "{3C02E4F3-992A-4F98-AA96-FA47E007CFE5}"
EndProject
Project("{FAE04EC0-301F-11D3-BF4B-00C04F79EFBC}") = "JIR.BlazorApp", "src\JIR.BlazorApp\JIR.BlazorApp.csproj", "{0FE2E068-D4F2-4359-ACD8-1BECF0C850D8}"
EndProject
Global
	GlobalSection(SolutionConfigurationPlatforms) = preSolution
		Debug|Any CPU = Debug|Any CPU
		Debug|x64 = Debug|x64
		Debug|x86 = Debug|x86
		Release|Any CPU = Release|Any CPU
		Release|x64 = Release|x64
		Release|x86 = Release|x86
	EndGlobalSection
	GlobalSection(ProjectConfigurationPlatforms) = postSolution
		{0B48F3AD-41AC-4CE1-82FA-67DE0BB4D79D}.Debug|Any CPU.ActiveCfg = Debug|Any CPU
		{0B48F3AD-41AC-4CE1-82FA-67DE0BB4D79D}.Debug|Any CPU.Build.0 = Debug|Any CPU
		{0B48F3AD-41AC-4CE1-82FA-67DE0BB4D79D}.Debug|x64.ActiveCfg = Debug|Any CPU
		{0B48F3AD-41AC-4CE1-82FA-67DE0BB4D79D}.Debug|x64.Build.0 = Debug|Any CPU
		{0B48F3AD-41AC-4CE1-82FA-67DE0BB4D79D}.Debug|x86.ActiveCfg = Debug|Any CPU
		{0B48F3AD-41AC-4CE1-82FA-67DE0BB4D79D}.Debug|x86.Build.0 = Debug|Any CPU
		{0B48F3AD-41AC-4CE1-82FA-67DE0BB4D79D}.Release|Any CPU.ActiveCfg = Release|Any CPU
		{0B48F3AD-41AC-4CE1-82FA-67DE0BB4D79D}.Release|Any CPU.Build.0 = Release|Any CPU
		{0B48F3AD-41AC-4CE1-82FA-67DE0BB4D79D}.Release|x64.ActiveCfg = Release|Any CPU
		{0B48F3AD-41AC-4CE1-82FA-67DE0BB4D79D}.Release|x64.Build.0 = Release|Any CPU
		{0B48F3AD-41AC-4CE1-82FA-67DE0BB4D79D}.Release|x86.ActiveCfg = Release|Any CPU
		{0B48F3AD-41AC-4CE1-82FA-67DE0BB4D79D}.Release|x86.Build.0 = Release|Any CPU
		{984ED36D-670D-4F01-ABE5-8B4CC7998965}.Debug|Any CPU.ActiveCfg = Debug|Any CPU
		{984ED36D-670D-4F01-ABE5-8B4CC7998965}.Debug|Any CPU.Build.0 = Debug|Any CPU
		{984ED36D-670D-4F01-ABE5-8B4CC7998965}.Debug|x64.ActiveCfg = Debug|Any CPU
		{984ED36D-670D-4F01-ABE5-8B4CC7998965}.Debug|x64.Build.0 = Debug|Any CPU
		{984ED36D-670D-4F01-ABE5-8B4CC7998965}.Debug|x86.ActiveCfg = Debug|Any CPU
		{984ED36D-670D-4F01-ABE5-8B4CC7998965}.Debug|x86.Build.0 = Debug|Any CPU
		{984ED36D-670D-4F01-ABE5-8B4CC7998965}.Release|Any CPU.ActiveCfg = Release|Any CPU
		{984ED36D-670D-4F01-ABE5-8B4CC7998965}.Release|Any CPU.Build.0 = Release|Any CPU
		{984ED36D-670D-4F01-ABE5-8B4CC7998965}.Release|x64.ActiveCfg = Release|Any CPU
		{984ED36D-670D-4F01-ABE5-8B4CC7998965}.Release|x64.Build.0 = Release|Any CPU
		{984ED36D-670D-4F01-ABE5-8B4CC7998965}.Release|x86.ActiveCfg = Release|Any CPU
		{984ED36D-670D-4F01-ABE5-8B4CC7998965}.Release|x86.Build.0 = Release|Any CPU
		{42A7C10D-E5FF-4539-AB91-CBED7937CCA5}.Debug|Any CPU.ActiveCfg = Debug|Any CPU
		{42A7C10D-E5FF-4539-AB91-CBED7937CCA5}.Debug|Any CPU.Build.0 = Debug|Any CPU
		{42A7C10D-E5FF-4539-AB91-CBED7937CCA5}.Debug|x64.ActiveCfg = Debug|Any CPU
		{42A7C10D-E5FF-4539-AB91-CBED7937CCA5}.Debug|x64.Build.0 = Debug|Any CPU
		{42A7C10D-E5FF-4539-AB91-CBED7937CCA5}.Debug|x86.ActiveCfg = Debug|Any CPU
		{42A7C10D-E5FF-4539-AB91-CBED7937CCA5}.Debug|x86.Build.0 = Debug|Any CPU
		{42A7C10D-E5FF-4539-AB91-CBED7937CCA5}.Release|Any CPU.ActiveCfg = Release|Any CPU
		{42A7C10D-E5FF-4539-AB91-CBED7937CCA5}.Release|Any CPU.Build.0 = Release|Any CPU
		{42A7C10D-E5FF-4539-AB91-CBED7937CCA5}.Release|x64.ActiveCfg = Release|Any CPU
		{42A7C10D-E5FF-4539-AB91-CBED7937CCA5}.Release|x64.Build.0 = Release|Any CPU
		{42A7C10D-E5FF-4539-AB91-CBED7937CCA5}.Release|x86.ActiveCfg = Release|Any CPU
		{42A7C10D-E5FF-4539-AB91-CBED7937CCA5}.Release|x86.Build.0 = Release|Any CPU
		{88BA1D12-C718-4E03-BCB3-CA1F4619B568}.Debug|Any CPU.ActiveCfg = Debug|Any CPU
		{88BA1D12-C718-4E03-BCB3-CA1F4619B568}.Debug|Any CPU.Build.0 = Debug|Any CPU
		{88BA1D12-C718-4E03-BCB3-CA1F4619B568}.Debug|x64.ActiveCfg = Debug|Any CPU
		{88BA1D12-C718-4E03-BCB3-CA1F4619B568}.Debug|x64.Build.0 = Debug|Any CPU
		{88BA1D12-C718-4E03-BCB3-CA1F4619B568}.Debug|x86.ActiveCfg = Debug|Any CPU
		{88BA1D12-C718-4E03-BCB3-CA1F4619B568}.Debug|x86.Build.0 = Debug|Any CPU
		{88BA1D12-C718-4E03-BCB3-CA1F4619B568}.Release|Any CPU.ActiveCfg = Release|Any CPU
		{88BA1D12-C718-4E03-BCB3-CA1F4619B568}.Release|Any CPU.Build.0 = Release|Any CPU
		{88BA1D12-C718-4E03-BCB3-CA1F4619B568}.Release|x64.ActiveCfg = Release|Any CPU
		{88BA1D12-C718-4E03-BCB3-CA1F4619B568}.Release|x64.Build.0 = Release|Any CPU
		{88BA1D12-C718-4E03-BCB3-CA1F4619B568}.Release|x86.ActiveCfg = Release|Any CPU
		{88BA1D12-C718-4E03-BCB3-CA1F4619B568}.Release|x86.Build.0 = Release|Any CPU
		{C735DADF-0922-4D72-82EB-C73BD790D05A}.Debug|Any CPU.ActiveCfg = Debug|Any CPU
		{C735DADF-0922-4D72-82EB-C73BD790D05A}.Debug|Any CPU.Build.0 = Debug|Any CPU
		{C735DADF-0922-4D72-82EB-C73BD790D05A}.Debug|x64.ActiveCfg = Debug|Any CPU
		{C735DADF-0922-4D72-82EB-C73BD790D05A}.Debug|x64.Build.0 = Debug|Any CPU
		{C735DADF-0922-4D72-82EB-C73BD790D05A}.Debug|x86.ActiveCfg = Debug|Any CPU
		{C735DADF-0922-4D72-82EB-C73BD790D05A}.Debug|x86.Build.0 = Debug|Any CPU
		{C735DADF-0922-4D72-82EB-C73BD790D05A}.Release|Any CPU.ActiveCfg = Release|Any CPU
		{C735DADF-0922-4D72-82EB-C73BD790D05A}.Release|Any CPU.Build.0 = Release|Any CPU
		{C735DADF-0922-4D72-82EB-C73BD790D05A}.Release|x64.ActiveCfg = Release|Any CPU
		{C735DADF-0922-4D72-82EB-C73BD790D05A}.Release|x64.Build.0 = Release|Any CPU
		{C735DADF-0922-4D72-82EB-C73BD790D05A}.Release|x86.ActiveCfg = Release|Any CPU
		{C735DADF-0922-4D72-82EB-C73BD790D05A}.Release|x86.Build.0 = Release|Any CPU
		{3C02E4F3-992A-4F98-AA96-FA47E007CFE5}.Debug|Any CPU.ActiveCfg = Debug|Any CPU
		{3C02E4F3-992A-4F98-AA96-FA47E007CFE5}.Debug|Any CPU.Build.0 = Debug|Any CPU
		{3C02E4F3-992A-4F98-AA96-FA47E007CFE5}.Debug|x64.ActiveCfg = Debug|Any CPU
		{3C02E4F3-992A-4F98-AA96-FA47E007CFE5}.Debug|x64.Build.0 = Debug|Any CPU
		{3C02E4F3-992A-4F98-AA96-FA47E007CFE5}.Debug|x86.ActiveCfg = Debug|Any CPU
		{3C02E4F3-992A-4F98-AA96-FA47E007CFE5}.Debug|x86.Build.0 = Debug|Any CPU
		{3C02E4F3-992A-4F98-AA96-FA47E007CFE5}.Release|Any CPU.ActiveCfg = Release|Any CPU
		{3C02E4F3-992A-4F98-AA96-FA47E007CFE5}.Release|Any CPU.Build.0 = Release|Any CPU
		{3C02E4F3-992A-4F98-AA96-FA47E007CFE5}.Release|x64.ActiveCfg = Release|Any CPU
		{3C02E4F3-992A-4F98-AA96-FA47E007CFE5}.Release|x64.Build.0 = Release|Any CPU
		{3C02E4F3-992A-4F98-AA96-FA47E007CFE5}.Release|x86.ActiveCfg = Release|Any CPU
		{3C02E4F3-992A-4F98-AA96-FA47E007CFE5}.Release|x86.Build.0 = Release|Any CPU
		{0FE2E068-D4F2-4359-ACD8-1BECF0C850D8}.Debug|Any CPU.ActiveCfg = Debug|Any CPU
		{0FE2E068-D4F2-4359-ACD8-1BECF0C850D8}.Debug|Any CPU.Build.0 = Debug|Any CPU
		{0FE2E068-D4F2-4359-ACD8-1BECF0C850D8}.Debug|x64.ActiveCfg = Debug|Any CPU
		{0FE2E068-D4F2-4359-ACD8-1BECF0C850D8}.Debug|x64.Build.0 = Debug|Any CPU
		{0FE2E068-D4F2-4359-ACD8-1BECF0C850D8}.Debug|x86.ActiveCfg = Debug|Any CPU
		{0FE2E068-D4F2-4359-ACD8-1BECF0C850D8}.Debug|x86.Build.0 = Debug|Any CPU
		{0FE2E068-D4F2-4359-ACD8-1BECF0C850D8}.Release|Any CPU.ActiveCfg = Release|Any CPU
		{0FE2E068-D4F2-4359-ACD8-1BECF0C850D8}.Release|Any CPU.Build.0 = Release|Any CPU
		{0FE2E068-D4F2-4359-ACD8-1BECF0C850D8}.Release|x64.ActiveCfg = Release|Any CPU
		{0FE2E068-D4F2-4359-ACD8-1BECF0C850D8}.Release|x64.Build.0 = Release|Any CPU
		{0FE2E068-D4F2-4359-ACD8-1BECF0C850D8}.Release|x86.ActiveCfg = Release|Any CPU
		{0FE2E068-D4F2-4359-ACD8-1BECF0C850D8}.Release|x86.Build.0 = Release|Any CPU
	EndGlobalSection
	GlobalSection(SolutionProperties) = preSolution
		HideSolutionNode = FALSE
	EndGlobalSection
	GlobalSection(NestedProjects) = preSolution
		{0B48F3AD-41AC-4CE1-82FA-67DE0BB4D79D} = {827E0CD3-B72D-47B6-A68D-7590B98EB39B}
		{984ED36D-670D-4F01-ABE5-8B4CC7998965} = {827E0CD3-B72D-47B6-A68D-7590B98EB39B}
		{42A7C10D-E5FF-4539-AB91-CBED7937CCA5} = {827E0CD3-B72D-47B6-A68D-7590B98EB39B}
		{88BA1D12-C718-4E03-BCB3-CA1F4619B568} = {827E0CD3-B72D-47B6-A68D-7590B98EB39B}
		{C735DADF-0922-4D72-82EB-C73BD790D05A} = {827E0CD3-B72D-47B6-A68D-7590B98EB39B}
		{3C02E4F3-992A-4F98-AA96-FA47E007CFE5} = {827E0CD3-B72D-47B6-A68D-7590B98EB39B}
		{0FE2E068-D4F2-4359-ACD8-1BECF0C850D8} = {827E0CD3-B72D-47B6-A68D-7590B98EB39B}
	EndGlobalSection
EndGlobal
